
Microsoft Visual Studio Solution File, Format Version 12.00
# Visual Studio Version 17
VisualStudioVersion = 17.1.32228.430
MinimumVisualStudioVersion = 10.0.40219.1
Project("{9A19103F-16F7-4668-BE54-9A1E7A4F7556}") = "Dungeon", "Dungeon\Dungeon.csproj", "{E769473A-47A3-4029-BE7F-F406CA5D761E}"
EndProject
Project("{9A19103F-16F7-4668-BE54-9A1E7A4F7556}") = "Dungeon Library", "Dungeon Library\Dungeon Library.csproj", "{5B769507-B417-4361-9D6A-F3FD72AF0167}"
EndProject
Project("{FAE04EC0-301F-11D3-BF4B-00C04F79EFBC}") = "DungeonTests", "DungeonTests\DungeonTests.csproj", "{85CF777A-8159-40B8-BE84-B8DAE37CC3C0}"
EndProject
Global
	GlobalSection(SolutionConfigurationPlatforms) = preSolution
		Debug|Any CPU = Debug|Any CPU
		Release|Any CPU = Release|Any CPU
	EndGlobalSection
	GlobalSection(ProjectConfigurationPlatforms) = postSolution
		{E769473A-47A3-4029-BE7F-F406CA5D761E}.Debug|Any CPU.ActiveCfg = Debug|Any CPU
		{E769473A-47A3-4029-BE7F-F406CA5D761E}.Debug|Any CPU.Build.0 = Debug|Any CPU
		{E769473A-47A3-4029-BE7F-F406CA5D761E}.Release|Any CPU.ActiveCfg = Release|Any CPU
		{E769473A-47A3-4029-BE7F-F406CA5D761E}.Release|Any CPU.Build.0 = Release|Any CPU
		{5B769507-B417-4361-9D6A-F3FD72AF0167}.Debug|Any CPU.ActiveCfg = Debug|Any CPU
		{5B769507-B417-4361-9D6A-F3FD72AF0167}.Debug|Any CPU.Build.0 = Debug|Any CPU
		{5B769507-B417-4361-9D6A-F3FD72AF0167}.Release|Any CPU.ActiveCfg = Release|Any CPU
		{5B769507-B417-4361-9D6A-F3FD72AF0167}.Release|Any CPU.Build.0 = Release|Any CPU
		{85CF777A-8159-40B8-BE84-B8DAE37CC3C0}.Debug|Any CPU.ActiveCfg = Debug|Any CPU
		{85CF777A-8159-40B8-BE84-B8DAE37CC3C0}.Debug|Any CPU.Build.0 = Debug|Any CPU
		{85CF777A-8159-40B8-BE84-B8DAE37CC3C0}.Release|Any CPU.ActiveCfg = Release|Any CPU
		{85CF777A-8159-40B8-BE84-B8DAE37CC3C0}.Release|Any CPU.Build.0 = Release|Any CPU
	EndGlobalSection
	GlobalSection(SolutionProperties) = preSolution
		HideSolutionNode = FALSE
	EndGlobalSection
	GlobalSection(ExtensibilityGlobals) = postSolution
		SolutionGuid = {3E081E4C-93BB-452F-9B04-B56090B65398}
	EndGlobalSection
EndGlobal
